// !$*UTF8*$!
{
	archiveVersion = 1;
	classes = {
	};
	objectVersion = 56;
	objects = {

/* Begin PBXBuildFile section */
		4C048BFF28FCDB98007D1F9C /* CloudView.swift in Sources */ = {isa = PBXBuildFile; fileRef = 4C048BFE28FCDB98007D1F9C /* CloudView.swift */; };
		4C048C0128FD9849007D1F9C /* BadgeView.swift in Sources */ = {isa = PBXBuildFile; fileRef = 4C048C0028FD9849007D1F9C /* BadgeView.swift */; };
		4C048C0328FDCA92007D1F9C /* DecorationView.swift in Sources */ = {isa = PBXBuildFile; fileRef = 4C048C0228FDCA91007D1F9C /* DecorationView.swift */; };
		4C0749C128F65E2B00DF69D3 /* GIFView.swift in Sources */ = {isa = PBXBuildFile; fileRef = 4C0749C028F65E2B00DF69D3 /* GIFView.swift */; };
		4C0749C728F6673100DF69D3 /* confetti2.gif in Resources */ = {isa = PBXBuildFile; fileRef = 4C0749C628F6673100DF69D3 /* confetti2.gif */; };
		4C0749C928F6673A00DF69D3 /* confetti1.gif in Resources */ = {isa = PBXBuildFile; fileRef = 4C0749C828F6673A00DF69D3 /* confetti1.gif */; };
		4C11A70128E8F3D6007C24B6 /* CharacterView.swift in Sources */ = {isa = PBXBuildFile; fileRef = 4C11A70028E8F3D6007C24B6 /* CharacterView.swift */; };
		4C15490D28E51296005690B0 /* TestMountainPageApp.swift in Sources */ = {isa = PBXBuildFile; fileRef = 4C15490C28E51296005690B0 /* TestMountainPageApp.swift */; };
		4C15490F28E51296005690B0 /* MountainView.swift in Sources */ = {isa = PBXBuildFile; fileRef = 4C15490E28E51296005690B0 /* MountainView.swift */; };
		4C15491128E5129C005690B0 /* Assets.xcassets in Resources */ = {isa = PBXBuildFile; fileRef = 4C15491028E5129C005690B0 /* Assets.xcassets */; };
		4C15491428E5129C005690B0 /* Preview Assets.xcassets in Resources */ = {isa = PBXBuildFile; fileRef = 4C15491328E5129C005690B0 /* Preview Assets.xcassets */; };
		4C1A640428E660EE00631827 /* Mountain.swift in Sources */ = {isa = PBXBuildFile; fileRef = 4C1A640328E660EE00631827 /* Mountain.swift */; };
		4C5E6F3F290A193600D22D02 /* FishView.swift in Sources */ = {isa = PBXBuildFile; fileRef = 4C5E6F3E290A193600D22D02 /* FishView.swift */; };
		4CE909D628E8B4580041AD34 /* StepsView.swift in Sources */ = {isa = PBXBuildFile; fileRef = 4CE909D528E8B4580041AD34 /* StepsView.swift */; };
		4CEF6051291D64FC0000BF6A /* SoundPlayer.swift in Sources */ = {isa = PBXBuildFile; fileRef = 4CEF6050291D64FC0000BF6A /* SoundPlayer.swift */; };
		4CEF6062291D71810000BF6A /* forward.wav in Resources */ = {isa = PBXBuildFile; fileRef = 4CEF605D291D71800000BF6A /* forward.wav */; };
		4CEF6063291D71810000BF6A /* confetti.wav in Resources */ = {isa = PBXBuildFile; fileRef = 4CEF605E291D71800000BF6A /* confetti.wav */; };
		4CEF6064291D71810000BF6A /* backwards.wav in Resources */ = {isa = PBXBuildFile; fileRef = 4CEF605F291D71800000BF6A /* backwards.wav */; };
		4CEF6065291D71810000BF6A /* background.wav in Resources */ = {isa = PBXBuildFile; fileRef = 4CEF6060291D71810000BF6A /* background.wav */; };
		4CEF6066291D71810000BF6A /* badge_earned.wav in Resources */ = {isa = PBXBuildFile; fileRef = 4CEF6061291D71810000BF6A /* badge_earned.wav */; };
		4CFBAC2E292595DF00CA2DA2 /* yay1.mp3 in Resources */ = {isa = PBXBuildFile; fileRef = 4CFBAC29292595DE00CA2DA2 /* yay1.mp3 */; };
		4CFBAC2F292595DF00CA2DA2 /* stars.mp3 in Resources */ = {isa = PBXBuildFile; fileRef = 4CFBAC2A292595DF00CA2DA2 /* stars.mp3 */; };
		4CFBAC30292595DF00CA2DA2 /* forward2.mp3 in Resources */ = {isa = PBXBuildFile; fileRef = 4CFBAC2B292595DF00CA2DA2 /* forward2.mp3 */; };
		4CFBAC31292595DF00CA2DA2 /* yay3.mp3 in Resources */ = {isa = PBXBuildFile; fileRef = 4CFBAC2C292595DF00CA2DA2 /* yay3.mp3 */; };
		4CFBAC32292595DF00CA2DA2 /* yay2.mp3 in Resources */ = {isa = PBXBuildFile; fileRef = 4CFBAC2D292595DF00CA2DA2 /* yay2.mp3 */; };
		8DE325F6291DA1F800A998F9 /* BadgePagePopUp.swift in Sources */ = {isa = PBXBuildFile; fileRef = 8DE325F5291DA1F800A998F9 /* BadgePagePopUp.swift */; };
		8DE325F8291DA21D00A998F9 /* BadgeEarnedPopUp.swift in Sources */ = {isa = PBXBuildFile; fileRef = 8DE325F7291DA21D00A998F9 /* BadgeEarnedPopUp.swift */; };
		998A055A28F7194D00299F53 /* PopUpMessage.swift in Sources */ = {isa = PBXBuildFile; fileRef = 998A055928F7194C00299F53 /* PopUpMessage.swift */; };
/* End PBXBuildFile section */

/* Begin PBXFileReference section */
		4C048BFE28FCDB98007D1F9C /* CloudView.swift */ = {isa = PBXFileReference; lastKnownFileType = sourcecode.swift; path = CloudView.swift; sourceTree = "<group>"; };
		4C048C0028FD9849007D1F9C /* BadgeView.swift */ = {isa = PBXFileReference; lastKnownFileType = sourcecode.swift; path = BadgeView.swift; sourceTree = "<group>"; };
		4C048C0228FDCA91007D1F9C /* DecorationView.swift */ = {isa = PBXFileReference; lastKnownFileType = sourcecode.swift; path = DecorationView.swift; sourceTree = "<group>"; };
		4C0749C028F65E2B00DF69D3 /* GIFView.swift */ = {isa = PBXFileReference; lastKnownFileType = sourcecode.swift; path = GIFView.swift; sourceTree = "<group>"; };
		4C0749C628F6673100DF69D3 /* confetti2.gif */ = {isa = PBXFileReference; lastKnownFileType = image.gif; name = confetti2.gif; path = TestMountainPage/GIFs/confetti2.gif; sourceTree = SOURCE_ROOT; };
		4C0749C828F6673A00DF69D3 /* confetti1.gif */ = {isa = PBXFileReference; lastKnownFileType = image.gif; name = confetti1.gif; path = TestMountainPage/GIFs/confetti1.gif; sourceTree = SOURCE_ROOT; };
		4C11A70028E8F3D6007C24B6 /* CharacterView.swift */ = {isa = PBXFileReference; lastKnownFileType = sourcecode.swift; path = CharacterView.swift; sourceTree = "<group>"; };
		4C15490928E51296005690B0 /* TestMountainPage.app */ = {isa = PBXFileReference; explicitFileType = wrapper.application; includeInIndex = 0; path = TestMountainPage.app; sourceTree = BUILT_PRODUCTS_DIR; };
		4C15490C28E51296005690B0 /* TestMountainPageApp.swift */ = {isa = PBXFileReference; lastKnownFileType = sourcecode.swift; path = TestMountainPageApp.swift; sourceTree = "<group>"; };
		4C15490E28E51296005690B0 /* MountainView.swift */ = {isa = PBXFileReference; lastKnownFileType = sourcecode.swift; path = MountainView.swift; sourceTree = "<group>"; };
		4C15491028E5129C005690B0 /* Assets.xcassets */ = {isa = PBXFileReference; lastKnownFileType = folder.assetcatalog; path = Assets.xcassets; sourceTree = "<group>"; };
		4C15491328E5129C005690B0 /* Preview Assets.xcassets */ = {isa = PBXFileReference; lastKnownFileType = folder.assetcatalog; path = "Preview Assets.xcassets"; sourceTree = "<group>"; };
		4C1A640328E660EE00631827 /* Mountain.swift */ = {isa = PBXFileReference; lastKnownFileType = sourcecode.swift; path = Mountain.swift; sourceTree = "<group>"; };
		4C5E6F3E290A193600D22D02 /* FishView.swift */ = {isa = PBXFileReference; lastKnownFileType = sourcecode.swift; path = FishView.swift; sourceTree = "<group>"; };
		4CE909D528E8B4580041AD34 /* StepsView.swift */ = {isa = PBXFileReference; lastKnownFileType = sourcecode.swift; path = StepsView.swift; sourceTree = "<group>"; };
		4CEF6050291D64FC0000BF6A /* SoundPlayer.swift */ = {isa = PBXFileReference; lastKnownFileType = sourcecode.swift; path = SoundPlayer.swift; sourceTree = "<group>"; };
		4CEF605D291D71800000BF6A /* forward.wav */ = {isa = PBXFileReference; lastKnownFileType = audio.wav; path = forward.wav; sourceTree = "<group>"; };
		4CEF605E291D71800000BF6A /* confetti.wav */ = {isa = PBXFileReference; lastKnownFileType = audio.wav; path = confetti.wav; sourceTree = "<group>"; };
		4CEF605F291D71800000BF6A /* backwards.wav */ = {isa = PBXFileReference; lastKnownFileType = audio.wav; path = backwards.wav; sourceTree = "<group>"; };
		4CEF6060291D71810000BF6A /* background.wav */ = {isa = PBXFileReference; lastKnownFileType = audio.wav; path = background.wav; sourceTree = "<group>"; };
		4CEF6061291D71810000BF6A /* badge_earned.wav */ = {isa = PBXFileReference; lastKnownFileType = audio.wav; path = badge_earned.wav; sourceTree = "<group>"; };
		4CFBAC29292595DE00CA2DA2 /* yay1.mp3 */ = {isa = PBXFileReference; lastKnownFileType = audio.mp3; path = yay1.mp3; sourceTree = "<group>"; };
		4CFBAC2A292595DF00CA2DA2 /* stars.mp3 */ = {isa = PBXFileReference; lastKnownFileType = audio.mp3; path = stars.mp3; sourceTree = "<group>"; };
		4CFBAC2B292595DF00CA2DA2 /* forward2.mp3 */ = {isa = PBXFileReference; lastKnownFileType = audio.mp3; path = forward2.mp3; sourceTree = "<group>"; };
		4CFBAC2C292595DF00CA2DA2 /* yay3.mp3 */ = {isa = PBXFileReference; lastKnownFileType = audio.mp3; path = yay3.mp3; sourceTree = "<group>"; };
		4CFBAC2D292595DF00CA2DA2 /* yay2.mp3 */ = {isa = PBXFileReference; lastKnownFileType = audio.mp3; path = yay2.mp3; sourceTree = "<group>"; };
		8DE325F5291DA1F800A998F9 /* BadgePagePopUp.swift */ = {isa = PBXFileReference; lastKnownFileType = sourcecode.swift; path = BadgePagePopUp.swift; sourceTree = "<group>"; };
		8DE325F7291DA21D00A998F9 /* BadgeEarnedPopUp.swift */ = {isa = PBXFileReference; lastKnownFileType = sourcecode.swift; path = BadgeEarnedPopUp.swift; sourceTree = "<group>"; };
		998A055928F7194C00299F53 /* PopUpMessage.swift */ = {isa = PBXFileReference; lastKnownFileType = sourcecode.swift; path = PopUpMessage.swift; sourceTree = "<group>"; };
/* End PBXFileReference section */

/* Begin PBXFrameworksBuildPhase section */
		4C15490628E51295005690B0 /* Frameworks */ = {
			isa = PBXFrameworksBuildPhase;
			buildActionMask = 2147483647;
			files = (
			);
			runOnlyForDeploymentPostprocessing = 0;
		};
/* End PBXFrameworksBuildPhase section */

/* Begin PBXGroup section */
		4C15490028E51295005690B0 = {
			isa = PBXGroup;
			children = (
				4C15490B28E51296005690B0 /* TestMountainPage */,
				4C15490A28E51296005690B0 /* Products */,
			);
			sourceTree = "<group>";
		};
		4C15490A28E51296005690B0 /* Products */ = {
			isa = PBXGroup;
			children = (
				4C15490928E51296005690B0 /* TestMountainPage.app */,
			);
			name = Products;
			sourceTree = "<group>";
		};
		4C15490B28E51296005690B0 /* TestMountainPage */ = {
			isa = PBXGroup;
			children = (
				4CEF606A291D71BB0000BF6A /* Classes */,
				4CEF6068291D71AB0000BF6A /* Views */,
				4CEF6067291D718A0000BF6A /* GIFs */,
				4CEF6052291D71150000BF6A /* Sounds */,
				4C15491028E5129C005690B0 /* Assets.xcassets */,
				4C15491228E5129C005690B0 /* Preview Content */,
			);
			path = TestMountainPage;
			sourceTree = "<group>";
		};
		4C15491228E5129C005690B0 /* Preview Content */ = {
			isa = PBXGroup;
			children = (
				4C15491328E5129C005690B0 /* Preview Assets.xcassets */,
			);
			path = "Preview Content";
			sourceTree = "<group>";
		};
		4CEF6052291D71150000BF6A /* Sounds */ = {
			isa = PBXGroup;
			children = (
				4CFBAC2B292595DF00CA2DA2 /* forward2.mp3 */,
				4CFBAC2A292595DF00CA2DA2 /* stars.mp3 */,
				4CFBAC29292595DE00CA2DA2 /* yay1.mp3 */,
				4CFBAC2D292595DF00CA2DA2 /* yay2.mp3 */,
				4CFBAC2C292595DF00CA2DA2 /* yay3.mp3 */,
				4CEF6060291D71810000BF6A /* background.wav */,
				4CEF605F291D71800000BF6A /* backwards.wav */,
				4CEF6061291D71810000BF6A /* badge_earned.wav */,
				4CEF605E291D71800000BF6A /* confetti.wav */,
				4CEF605D291D71800000BF6A /* forward.wav */,
			);
			path = Sounds;
			sourceTree = "<group>";
		};
		4CEF6067291D718A0000BF6A /* GIFs */ = {
			isa = PBXGroup;
			children = (
				4C0749C628F6673100DF69D3 /* confetti2.gif */,
				4C0749C828F6673A00DF69D3 /* confetti1.gif */,
			);
			path = GIFs;
			sourceTree = "<group>";
		};
		4CEF6068291D71AB0000BF6A /* Views */ = {
			isa = PBXGroup;
			children = (
				4C15490C28E51296005690B0 /* TestMountainPageApp.swift */,
				4C048BFE28FCDB98007D1F9C /* CloudView.swift */,
				4C5E6F3E290A193600D22D02 /* FishView.swift */,
				4CE909D528E8B4580041AD34 /* StepsView.swift */,
				4C048C0028FD9849007D1F9C /* BadgeView.swift */,
				4C0749C028F65E2B00DF69D3 /* GIFView.swift */,
				4C048C0228FDCA91007D1F9C /* DecorationView.swift */,
				998A055928F7194C00299F53 /* PopUpMessage.swift */,
				4C11A70028E8F3D6007C24B6 /* CharacterView.swift */,
				4C15490E28E51296005690B0 /* MountainView.swift */,
				8DE325F5291DA1F800A998F9 /* BadgePagePopUp.swift */,
				8DE325F7291DA21D00A998F9 /* BadgeEarnedPopUp.swift */,
			);
			path = Views;
			sourceTree = "<group>";
		};
		4CEF606A291D71BB0000BF6A /* Classes */ = {
			isa = PBXGroup;
			children = (
				4C1A640328E660EE00631827 /* Mountain.swift */,
				4CEF6050291D64FC0000BF6A /* SoundPlayer.swift */,
			);
			path = Classes;
			sourceTree = "<group>";
		};
/* End PBXGroup section */

/* Begin PBXNativeTarget section */
		4C15490828E51295005690B0 /* TestMountainPage */ = {
			isa = PBXNativeTarget;
			buildConfigurationList = 4C15491728E5129C005690B0 /* Build configuration list for PBXNativeTarget "TestMountainPage" */;
			buildPhases = (
				4C15490528E51295005690B0 /* Sources */,
				4C15490628E51295005690B0 /* Frameworks */,
				4C15490728E51295005690B0 /* Resources */,
			);
			buildRules = (
			);
			dependencies = (
			);
			name = TestMountainPage;
			productName = TestMountainPage;
			productReference = 4C15490928E51296005690B0 /* TestMountainPage.app */;
			productType = "com.apple.product-type.application";
		};
/* End PBXNativeTarget section */

/* Begin PBXProject section */
		4C15490128E51295005690B0 /* Project object */ = {
			isa = PBXProject;
			attributes = {
				BuildIndependentTargetsInParallel = 1;
				LastSwiftUpdateCheck = 1340;
				LastUpgradeCheck = 1340;
				TargetAttributes = {
					4C15490828E51295005690B0 = {
						CreatedOnToolsVersion = 13.4.1;
					};
				};
			};
			buildConfigurationList = 4C15490428E51295005690B0 /* Build configuration list for PBXProject "TestMountainPage" */;
			compatibilityVersion = "Xcode 14.0";
			developmentRegion = en;
			hasScannedForEncodings = 0;
			knownRegions = (
				en,
				Base,
			);
			mainGroup = 4C15490028E51295005690B0;
			productRefGroup = 4C15490A28E51296005690B0 /* Products */;
			projectDirPath = "";
			projectRoot = "";
			targets = (
				4C15490828E51295005690B0 /* TestMountainPage */,
			);
		};
/* End PBXProject section */

/* Begin PBXResourcesBuildPhase section */
		4C15490728E51295005690B0 /* Resources */ = {
			isa = PBXResourcesBuildPhase;
			buildActionMask = 2147483647;
			files = (
				4CEF6064291D71810000BF6A /* backwards.wav in Resources */,
				4CFBAC32292595DF00CA2DA2 /* yay2.mp3 in Resources */,
				4CEF6066291D71810000BF6A /* badge_earned.wav in Resources */,
				4CFBAC2F292595DF00CA2DA2 /* stars.mp3 in Resources */,
				4CEF6063291D71810000BF6A /* confetti.wav in Resources */,
				4CFBAC31292595DF00CA2DA2 /* yay3.mp3 in Resources */,
				4CEF6065291D71810000BF6A /* background.wav in Resources */,
				4C15491428E5129C005690B0 /* Preview Assets.xcassets in Resources */,
				4C0749C728F6673100DF69D3 /* confetti2.gif in Resources */,
				4CFBAC2E292595DF00CA2DA2 /* yay1.mp3 in Resources */,
				4CEF6062291D71810000BF6A /* forward.wav in Resources */,
				4CFBAC30292595DF00CA2DA2 /* forward2.mp3 in Resources */,
				4C0749C928F6673A00DF69D3 /* confetti1.gif in Resources */,
				4C15491128E5129C005690B0 /* Assets.xcassets in Resources */,
			);
			runOnlyForDeploymentPostprocessing = 0;
		};
/* End PBXResourcesBuildPhase section */

/* Begin PBXSourcesBuildPhase section */
		4C15490528E51295005690B0 /* Sources */ = {
			isa = PBXSourcesBuildPhase;
			buildActionMask = 2147483647;
			files = (
				4C0749C128F65E2B00DF69D3 /* GIFView.swift in Sources */,
				4C048BFF28FCDB98007D1F9C /* CloudView.swift in Sources */,
				4C11A70128E8F3D6007C24B6 /* CharacterView.swift in Sources */,
				4C15490F28E51296005690B0 /* MountainView.swift in Sources */,
				4C048C0328FDCA92007D1F9C /* DecorationView.swift in Sources */,
				4C1A640428E660EE00631827 /* Mountain.swift in Sources */,
				4C048C0128FD9849007D1F9C /* BadgeView.swift in Sources */,
				4CE909D628E8B4580041AD34 /* StepsView.swift in Sources */,
				998A055A28F7194D00299F53 /* PopUpMessage.swift in Sources */,
				8DE325F6291DA1F800A998F9 /* BadgePagePopUp.swift in Sources */,
				4C5E6F3F290A193600D22D02 /* FishView.swift in Sources */,
				4CEF6051291D64FC0000BF6A /* SoundPlayer.swift in Sources */,
				4C15490D28E51296005690B0 /* TestMountainPageApp.swift in Sources */,
				8DE325F8291DA21D00A998F9 /* BadgeEarnedPopUp.swift in Sources */,
			);
			runOnlyForDeploymentPostprocessing = 0;
		};
/* End PBXSourcesBuildPhase section */

/* Begin XCBuildConfiguration section */
		4C15491528E5129C005690B0 /* Debug */ = {
			isa = XCBuildConfiguration;
			buildSettings = {
				ALWAYS_SEARCH_USER_PATHS = NO;
				CLANG_ANALYZER_NONNULL = YES;
				CLANG_ANALYZER_NUMBER_OBJECT_CONVERSION = YES_AGGRESSIVE;
				CLANG_CXX_LANGUAGE_STANDARD = "gnu++17";
				CLANG_ENABLE_MODULES = YES;
				CLANG_ENABLE_OBJC_ARC = YES;
				CLANG_ENABLE_OBJC_WEAK = YES;
				CLANG_WARN_BLOCK_CAPTURE_AUTORELEASING = YES;
				CLANG_WARN_BOOL_CONVERSION = YES;
				CLANG_WARN_COMMA = YES;
				CLANG_WARN_CONSTANT_CONVERSION = YES;
				CLANG_WARN_DEPRECATED_OBJC_IMPLEMENTATIONS = YES;
				CLANG_WARN_DIRECT_OBJC_ISA_USAGE = YES_ERROR;
				CLANG_WARN_DOCUMENTATION_COMMENTS = YES;
				CLANG_WARN_EMPTY_BODY = YES;
				CLANG_WARN_ENUM_CONVERSION = YES;
				CLANG_WARN_INFINITE_RECURSION = YES;
				CLANG_WARN_INT_CONVERSION = YES;
				CLANG_WARN_NON_LITERAL_NULL_CONVERSION = YES;
				CLANG_WARN_OBJC_IMPLICIT_RETAIN_SELF = YES;
				CLANG_WARN_OBJC_LITERAL_CONVERSION = YES;
				CLANG_WARN_OBJC_ROOT_CLASS = YES_ERROR;
				CLANG_WARN_QUOTED_INCLUDE_IN_FRAMEWORK_HEADER = YES;
				CLANG_WARN_RANGE_LOOP_ANALYSIS = YES;
				CLANG_WARN_STRICT_PROTOTYPES = YES;
				CLANG_WARN_SUSPICIOUS_MOVE = YES;
				CLANG_WARN_UNGUARDED_AVAILABILITY = YES_AGGRESSIVE;
				CLANG_WARN_UNREACHABLE_CODE = YES;
				CLANG_WARN__DUPLICATE_METHOD_MATCH = YES;
				COPY_PHASE_STRIP = NO;
				DEBUG_INFORMATION_FORMAT = dwarf;
				ENABLE_STRICT_OBJC_MSGSEND = YES;
				ENABLE_TESTABILITY = YES;
				GCC_C_LANGUAGE_STANDARD = gnu11;
				GCC_DYNAMIC_NO_PIC = NO;
				GCC_NO_COMMON_BLOCKS = YES;
				GCC_OPTIMIZATION_LEVEL = 0;
				GCC_PREPROCESSOR_DEFINITIONS = (
					"DEBUG=1",
					"$(inherited)",
				);
				GCC_WARN_64_TO_32_BIT_CONVERSION = YES;
				GCC_WARN_ABOUT_RETURN_TYPE = YES_ERROR;
				GCC_WARN_UNDECLARED_SELECTOR = YES;
				GCC_WARN_UNINITIALIZED_AUTOS = YES_AGGRESSIVE;
				GCC_WARN_UNUSED_FUNCTION = YES;
				GCC_WARN_UNUSED_VARIABLE = YES;
				IPHONEOS_DEPLOYMENT_TARGET = 15.5;
				MTL_ENABLE_DEBUG_INFO = INCLUDE_SOURCE;
				MTL_FAST_MATH = YES;
				ONLY_ACTIVE_ARCH = YES;
				SDKROOT = iphoneos;
				SWIFT_ACTIVE_COMPILATION_CONDITIONS = DEBUG;
				SWIFT_OPTIMIZATION_LEVEL = "-Onone";
			};
			name = Debug;
		};
		4C15491628E5129C005690B0 /* Release */ = {
			isa = XCBuildConfiguration;
			buildSettings = {
				ALWAYS_SEARCH_USER_PATHS = NO;
				CLANG_ANALYZER_NONNULL = YES;
				CLANG_ANALYZER_NUMBER_OBJECT_CONVERSION = YES_AGGRESSIVE;
				CLANG_CXX_LANGUAGE_STANDARD = "gnu++17";
				CLANG_ENABLE_MODULES = YES;
				CLANG_ENABLE_OBJC_ARC = YES;
				CLANG_ENABLE_OBJC_WEAK = YES;
				CLANG_WARN_BLOCK_CAPTURE_AUTORELEASING = YES;
				CLANG_WARN_BOOL_CONVERSION = YES;
				CLANG_WARN_COMMA = YES;
				CLANG_WARN_CONSTANT_CONVERSION = YES;
				CLANG_WARN_DEPRECATED_OBJC_IMPLEMENTATIONS = YES;
				CLANG_WARN_DIRECT_OBJC_ISA_USAGE = YES_ERROR;
				CLANG_WARN_DOCUMENTATION_COMMENTS = YES;
				CLANG_WARN_EMPTY_BODY = YES;
				CLANG_WARN_ENUM_CONVERSION = YES;
				CLANG_WARN_INFINITE_RECURSION = YES;
				CLANG_WARN_INT_CONVERSION = YES;
				CLANG_WARN_NON_LITERAL_NULL_CONVERSION = YES;
				CLANG_WARN_OBJC_IMPLICIT_RETAIN_SELF = YES;
				CLANG_WARN_OBJC_LITERAL_CONVERSION = YES;
				CLANG_WARN_OBJC_ROOT_CLASS = YES_ERROR;
				CLANG_WARN_QUOTED_INCLUDE_IN_FRAMEWORK_HEADER = YES;
				CLANG_WARN_RANGE_LOOP_ANALYSIS = YES;
				CLANG_WARN_STRICT_PROTOTYPES = YES;
				CLANG_WARN_SUSPICIOUS_MOVE = YES;
				CLANG_WARN_UNGUARDED_AVAILABILITY = YES_AGGRESSIVE;
				CLANG_WARN_UNREACHABLE_CODE = YES;
				CLANG_WARN__DUPLICATE_METHOD_MATCH = YES;
				COPY_PHASE_STRIP = NO;
				DEBUG_INFORMATION_FORMAT = "dwarf-with-dsym";
				ENABLE_NS_ASSERTIONS = NO;
				ENABLE_STRICT_OBJC_MSGSEND = YES;
				GCC_C_LANGUAGE_STANDARD = gnu11;
				GCC_NO_COMMON_BLOCKS = YES;
				GCC_WARN_64_TO_32_BIT_CONVERSION = YES;
				GCC_WARN_ABOUT_RETURN_TYPE = YES_ERROR;
				GCC_WARN_UNDECLARED_SELECTOR = YES;
				GCC_WARN_UNINITIALIZED_AUTOS = YES_AGGRESSIVE;
				GCC_WARN_UNUSED_FUNCTION = YES;
				GCC_WARN_UNUSED_VARIABLE = YES;
				IPHONEOS_DEPLOYMENT_TARGET = 15.5;
				MTL_ENABLE_DEBUG_INFO = NO;
				MTL_FAST_MATH = YES;
				SDKROOT = iphoneos;
				SWIFT_COMPILATION_MODE = wholemodule;
				SWIFT_OPTIMIZATION_LEVEL = "-O";
				VALIDATE_PRODUCT = YES;
			};
			name = Release;
		};
		4C15491828E5129C005690B0 /* Debug */ = {
			isa = XCBuildConfiguration;
			buildSettings = {
				ASSETCATALOG_COMPILER_APPICON_NAME = AppIcon;
				ASSETCATALOG_COMPILER_GLOBAL_ACCENT_COLOR_NAME = AccentColor;
				CODE_SIGN_STYLE = Automatic;
				CURRENT_PROJECT_VERSION = 1;
				DEVELOPMENT_ASSET_PATHS = "\"TestMountainPage/Preview Content\"";
				DEVELOPMENT_TEAM = 8WYXDUFQAW;
				ENABLE_PREVIEWS = YES;
				GENERATE_INFOPLIST_FILE = YES;
				INFOPLIST_KEY_UIApplicationSceneManifest_Generation = YES;
				INFOPLIST_KEY_UIApplicationSupportsIndirectInputEvents = YES;
				INFOPLIST_KEY_UILaunchScreen_Generation = YES;
				INFOPLIST_KEY_UISupportedInterfaceOrientations = UIInterfaceOrientationPortrait;
				IPHONEOS_DEPLOYMENT_TARGET = 15.0;
				LD_RUNPATH_SEARCH_PATHS = (
					"$(inherited)",
					"@executable_path/Frameworks",
				);
				MARKETING_VERSION = 1.0;
				PRODUCT_BUNDLE_IDENTIFIER = SeniorProject.JourneyMountainPage2;
				PRODUCT_NAME = "$(TARGET_NAME)";
				SUPPORTED_PLATFORMS = "iphoneos iphonesimulator";
				SUPPORTS_MACCATALYST = NO;
				SUPPORTS_MAC_DESIGNED_FOR_IPHONE_IPAD = NO;
				SWIFT_EMIT_LOC_STRINGS = YES;
				SWIFT_VERSION = 5.0;
				TARGETED_DEVICE_FAMILY = "1,2";
			};
			name = Debug;
		};
		4C15491928E5129C005690B0 /* Release */ = {
			isa = XCBuildConfiguration;
			buildSettings = {
				ASSETCATALOG_COMPILER_APPICON_NAME = AppIcon;
				ASSETCATALOG_COMPILER_GLOBAL_ACCENT_COLOR_NAME = AccentColor;
				CODE_SIGN_STYLE = Automatic;
				CURRENT_PROJECT_VERSION = 1;
				DEVELOPMENT_ASSET_PATHS = "\"TestMountainPage/Preview Content\"";
				DEVELOPMENT_TEAM = 8WYXDUFQAW;
				ENABLE_PREVIEWS = YES;
				GENERATE_INFOPLIST_FILE = YES;
				INFOPLIST_KEY_UIApplicationSceneManifest_Generation = YES;
				INFOPLIST_KEY_UIApplicationSupportsIndirectInputEvents = YES;
				INFOPLIST_KEY_UILaunchScreen_Generation = YES;
				INFOPLIST_KEY_UISupportedInterfaceOrientations = UIInterfaceOrientationPortrait;
				IPHONEOS_DEPLOYMENT_TARGET = 15.0;
				LD_RUNPATH_SEARCH_PATHS = (
					"$(inherited)",
					"@executable_path/Frameworks",
				);
				MARKETING_VERSION = 1.0;
				PRODUCT_BUNDLE_IDENTIFIER = SeniorProject.JourneyMountainPage2;
				PRODUCT_NAME = "$(TARGET_NAME)";
				SUPPORTED_PLATFORMS = "iphoneos iphonesimulator";
				SUPPORTS_MACCATALYST = NO;
				SUPPORTS_MAC_DESIGNED_FOR_IPHONE_IPAD = NO;
				SWIFT_EMIT_LOC_STRINGS = YES;
				SWIFT_VERSION = 5.0;
				TARGETED_DEVICE_FAMILY = "1,2";
			};
			name = Release;
		};
/* End XCBuildConfiguration section */

/* Begin XCConfigurationList section */
		4C15490428E51295005690B0 /* Build configuration list for PBXProject "TestMountainPage" */ = {
			isa = XCConfigurationList;
			buildConfigurations = (
				4C15491528E5129C005690B0 /* Debug */,
				4C15491628E5129C005690B0 /* Release */,
			);
			defaultConfigurationIsVisible = 0;
			defaultConfigurationName = Release;
		};
		4C15491728E5129C005690B0 /* Build configuration list for PBXNativeTarget "TestMountainPage" */ = {
			isa = XCConfigurationList;
			buildConfigurations = (
				4C15491828E5129C005690B0 /* Debug */,
				4C15491928E5129C005690B0 /* Release */,
			);
			defaultConfigurationIsVisible = 0;
			defaultConfigurationName = Release;
		};
/* End XCConfigurationList section */
	};
	rootObject = 4C15490128E51295005690B0 /* Project object */;
}
