// !$*UTF8*$!
{
	archiveVersion = 1;
	classes = {
	};
	objectVersion = 56;
	objects = {

/* Begin PBXBuildFile section */
		4C048BFF28FCDB98007D1F9C /* CloudView.swift in Sources */ = {isa = PBXBuildFile; fileRef = 4C048BFE28FCDB98007D1F9C /* CloudView.swift */; };
		4C048C0128FD9849007D1F9C /* BadgeView.swift in Sources */ = {isa = PBXBuildFile; fileRef = 4C048C0028FD9849007D1F9C /* BadgeView.swift */; };
		4C0749C128F65E2B00DF69D3 /* GIFView.swift in Sources */ = {isa = PBXBuildFile; fileRef = 4C0749C028F65E2B00DF69D3 /* GIFView.swift */; };
		4C0749C728F6673100DF69D3 /* confetti2.gif in Resources */ = {isa = PBXBuildFile; fileRef = 4C0749C628F6673100DF69D3 /* confetti2.gif */; };
		4C0749C928F6673A00DF69D3 /* confetti1.gif in Resources */ = {isa = PBXBuildFile; fileRef = 4C0749C828F6673A00DF69D3 /* confetti1.gif */; };
		4C11A70128E8F3D6007C24B6 /* CharacterView.swift in Sources */ = {isa = PBXBuildFile; fileRef = 4C11A70028E8F3D6007C24B6 /* CharacterView.swift */; };
		4C15490D28E51296005690B0 /* TestMountainPageApp.swift in Sources */ = {isa = PBXBuildFile; fileRef = 4C15490C28E51296005690B0 /* TestMountainPageApp.swift */; };
		4C15490F28E51296005690B0 /* MountainView.swift in Sources */ = {isa = PBXBuildFile; fileRef = 4C15490E28E51296005690B0 /* MountainView.swift */; };
		4C15491128E5129C005690B0 /* Assets.xcassets in Resources */ = {isa = PBXBuildFile; fileRef = 4C15491028E5129C005690B0 /* Assets.xcassets */; };
		4C15491428E5129C005690B0 /* Preview Assets.xcassets in Resources */ = {isa = PBXBuildFile; fileRef = 4C15491328E5129C005690B0 /* Preview Assets.xcassets */; };
		4C1A640428E660EE00631827 /* Mountain.swift in Sources */ = {isa = PBXBuildFile; fileRef = 4C1A640328E660EE00631827 /* Mountain.swift */; };
		4C1A640628E662A900631827 /* Step.swift in Sources */ = {isa = PBXBuildFile; fileRef = 4C1A640528E662A900631827 /* Step.swift */; };
		4CE909D628E8B4580041AD34 /* StepsView.swift in Sources */ = {isa = PBXBuildFile; fileRef = 4CE909D528E8B4580041AD34 /* StepsView.swift */; };
/* End PBXBuildFile section */

/* Begin PBXFileReference section */
		4C048BFE28FCDB98007D1F9C /* CloudView.swift */ = {isa = PBXFileReference; lastKnownFileType = sourcecode.swift; path = CloudView.swift; sourceTree = "<group>"; };
		4C048C0028FD9849007D1F9C /* BadgeView.swift */ = {isa = PBXFileReference; lastKnownFileType = sourcecode.swift; path = BadgeView.swift; sourceTree = "<group>"; };
		4C0749C028F65E2B00DF69D3 /* GIFView.swift */ = {isa = PBXFileReference; lastKnownFileType = sourcecode.swift; path = GIFView.swift; sourceTree = "<group>"; };
		4C0749C628F6673100DF69D3 /* confetti2.gif */ = {isa = PBXFileReference; lastKnownFileType = image.gif; name = confetti2.gif; path = images/confetti2.gif; sourceTree = SOURCE_ROOT; };
		4C0749C828F6673A00DF69D3 /* confetti1.gif */ = {isa = PBXFileReference; lastKnownFileType = image.gif; name = confetti1.gif; path = images/confetti1.gif; sourceTree = SOURCE_ROOT; };
		4C11A70028E8F3D6007C24B6 /* CharacterView.swift */ = {isa = PBXFileReference; lastKnownFileType = sourcecode.swift; path = CharacterView.swift; sourceTree = "<group>"; };
		4C15490928E51296005690B0 /* TestMountainPage.app */ = {isa = PBXFileReference; explicitFileType = wrapper.application; includeInIndex = 0; path = TestMountainPage.app; sourceTree = BUILT_PRODUCTS_DIR; };
		4C15490C28E51296005690B0 /* TestMountainPageApp.swift */ = {isa = PBXFileReference; lastKnownFileType = sourcecode.swift; path = TestMountainPageApp.swift; sourceTree = "<group>"; };
		4C15490E28E51296005690B0 /* MountainView.swift */ = {isa = PBXFileReference; lastKnownFileType = sourcecode.swift; path = MountainView.swift; sourceTree = "<group>"; };
		4C15491028E5129C005690B0 /* Assets.xcassets */ = {isa = PBXFileReference; lastKnownFileType = folder.assetcatalog; path = Assets.xcassets; sourceTree = "<group>"; };
		4C15491328E5129C005690B0 /* Preview Assets.xcassets */ = {isa = PBXFileReference; lastKnownFileType = folder.assetcatalog; path = "Preview Assets.xcassets"; sourceTree = "<group>"; };
		4C1A640328E660EE00631827 /* Mountain.swift */ = {isa = PBXFileReference; lastKnownFileType = sourcecode.swift; path = Mountain.swift; sourceTree = "<group>"; };
		4C1A640528E662A900631827 /* Step.swift */ = {isa = PBXFileReference; lastKnownFileType = sourcecode.swift; path = Step.swift; sourceTree = "<group>"; };
		4CE909D528E8B4580041AD34 /* StepsView.swift */ = {isa = PBXFileReference; lastKnownFileType = sourcecode.swift; path = StepsView.swift; sourceTree = "<group>"; };
/* End PBXFileReference section */

/* Begin PBXFrameworksBuildPhase section */
		4C15490628E51295005690B0 /* Frameworks */ = {
			isa = PBXFrameworksBuildPhase;
			buildActionMask = 2147483647;
			files = (
			);
			runOnlyForDeploymentPostprocessing = 0;
		};
/* End PBXFrameworksBuildPhase section */

/* Begin PBXGroup section */
		4C15490028E51295005690B0 = {
			isa = PBXGroup;
			children = (
				4C15490B28E51296005690B0 /* TestMountainPage */,
				4C15490A28E51296005690B0 /* Products */,
			);
			sourceTree = "<group>";
		};
		4C15490A28E51296005690B0 /* Products */ = {
			isa = PBXGroup;
			children = (
				4C15490928E51296005690B0 /* TestMountainPage.app */,
			);
			name = Products;
			sourceTree = "<group>";
		};
		4C15490B28E51296005690B0 /* TestMountainPage */ = {
			isa = PBXGroup;
			children = (
				4C0749C828F6673A00DF69D3 /* confetti1.gif */,
				4C0749C628F6673100DF69D3 /* confetti2.gif */,
				4C11A70028E8F3D6007C24B6 /* CharacterView.swift */,
				4C15490C28E51296005690B0 /* TestMountainPageApp.swift */,
				4C048BFE28FCDB98007D1F9C /* CloudView.swift */,
				4CE909D528E8B4580041AD34 /* StepsView.swift */,
				4C048C0028FD9849007D1F9C /* BadgeView.swift */,
				4C0749C028F65E2B00DF69D3 /* GIFView.swift */,
				4C15490E28E51296005690B0 /* MountainView.swift */,
				4C1A640528E662A900631827 /* Step.swift */,
				4C1A640328E660EE00631827 /* Mountain.swift */,
				4C15491028E5129C005690B0 /* Assets.xcassets */,
				4C15491228E5129C005690B0 /* Preview Content */,
			);
			path = TestMountainPage;
			sourceTree = "<group>";
		};
		4C15491228E5129C005690B0 /* Preview Content */ = {
			isa = PBXGroup;
			children = (
				4C15491328E5129C005690B0 /* Preview Assets.xcassets */,
			);
			path = "Preview Content";
			sourceTree = "<group>";
		};
/* End PBXGroup section */

/* Begin PBXNativeTarget section */
		4C15490828E51295005690B0 /* TestMountainPage */ = {
			isa = PBXNativeTarget;
			buildConfigurationList = 4C15491728E5129C005690B0 /* Build configuration list for PBXNativeTarget "TestMountainPage" */;
			buildPhases = (
				4C15490528E51295005690B0 /* Sources */,
				4C15490628E51295005690B0 /* Frameworks */,
				4C15490728E51295005690B0 /* Resources */,
			);
			buildRules = (
			);
			dependencies = (
			);
			name = TestMountainPage;
			productName = TestMountainPage;
			productReference = 4C15490928E51296005690B0 /* TestMountainPage.app */;
			productType = "com.apple.product-type.application";
		};
/* End PBXNativeTarget section */

/* Begin PBXProject section */
		4C15490128E51295005690B0 /* Project object */ = {
			isa = PBXProject;
			attributes = {
				BuildIndependentTargetsInParallel = 1;
				LastSwiftUpdateCheck = 1340;
				LastUpgradeCheck = 1340;
				TargetAttributes = {
					4C15490828E51295005690B0 = {
						CreatedOnToolsVersion = 13.4.1;
					};
				};
			};
			buildConfigurationList = 4C15490428E51295005690B0 /* Build configuration list for PBXProject "TestMountainPage" */;
			compatibilityVersion = "Xcode 14.0";
			developmentRegion = en;
			hasScannedForEncodings = 0;
			knownRegions = (
				en,
				Base,
			);
			mainGroup = 4C15490028E51295005690B0;
			productRefGroup = 4C15490A28E51296005690B0 /* Products */;
			projectDirPath = "";
			projectRoot = "";
			targets = (
				4C15490828E51295005690B0 /* TestMountainPage */,
			);
		};
/* End PBXProject section */

/* Begin PBXResourcesBuildPhase section */
		4C15490728E51295005690B0 /* Resources */ = {
			isa = PBXResourcesBuildPhase;
			buildActionMask = 2147483647;
			files = (
				4C15491428E5129C005690B0 /* Preview Assets.xcassets in Resources */,
				4C0749C728F6673100DF69D3 /* confetti2.gif in Resources */,
				4C0749C928F6673A00DF69D3 /* confetti1.gif in Resources */,
				4C15491128E5129C005690B0 /* Assets.xcassets in Resources */,
			);
			runOnlyForDeploymentPostprocessing = 0;
		};
/* End PBXResourcesBuildPhase section */

/* Begin PBXSourcesBuildPhase section */
		4C15490528E51295005690B0 /* Sources */ = {
			isa = PBXSourcesBuildPhase;
			buildActionMask = 2147483647;
			files = (
				4C0749C128F65E2B00DF69D3 /* GIFView.swift in Sources */,
				4C048BFF28FCDB98007D1F9C /* CloudView.swift in Sources */,
				4C11A70128E8F3D6007C24B6 /* CharacterView.swift in Sources */,
				4C15490F28E51296005690B0 /* MountainView.swift in Sources */,
				4C1A640628E662A900631827 /* Step.swift in Sources */,
				4C1A640428E660EE00631827 /* Mountain.swift in Sources */,
				4C048C0128FD9849007D1F9C /* BadgeView.swift in Sources */,
				4CE909D628E8B4580041AD34 /* StepsView.swift in Sources */,
				4C15490D28E51296005690B0 /* TestMountainPageApp.swift in Sources */,
			);
			runOnlyForDeploymentPostprocessing = 0;
		};
/* End PBXSourcesBuildPhase section */

/* Begin XCBuildConfiguration section */
		4C15491528E5129C005690B0 /* Debug */ = {
			isa = XCBuildConfiguration;
			buildSettings = {
				ALWAYS_SEARCH_USER_PATHS = NO;
				CLANG_ANALYZER_NONNULL = YES;
				CLANG_ANALYZER_NUMBER_OBJECT_CONVERSION = YES_AGGRESSIVE;
				CLANG_CXX_LANGUAGE_STANDARD = "gnu++17";
				CLANG_ENABLE_MODULES = YES;
				CLANG_ENABLE_OBJC_ARC = YES;
				CLANG_ENABLE_OBJC_WEAK = YES;
				CLANG_WARN_BLOCK_CAPTURE_AUTORELEASING = YES;
				CLANG_WARN_BOOL_CONVERSION = YES;
				CLANG_WARN_COMMA = YES;
				CLANG_WARN_CONSTANT_CONVERSION = YES;
				CLANG_WARN_DEPRECATED_OBJC_IMPLEMENTATIONS = YES;
				CLANG_WARN_DIRECT_OBJC_ISA_USAGE = YES_ERROR;
				CLANG_WARN_DOCUMENTATION_COMMENTS = YES;
				CLANG_WARN_EMPTY_BODY = YES;
				CLANG_WARN_ENUM_CONVERSION = YES;
				CLANG_WARN_INFINITE_RECURSION = YES;
				CLANG_WARN_INT_CONVERSION = YES;
				CLANG_WARN_NON_LITERAL_NULL_CONVERSION = YES;
				CLANG_WARN_OBJC_IMPLICIT_RETAIN_SELF = YES;
				CLANG_WARN_OBJC_LITERAL_CONVERSION = YES;
				CLANG_WARN_OBJC_ROOT_CLASS = YES_ERROR;
				CLANG_WARN_QUOTED_INCLUDE_IN_FRAMEWORK_HEADER = YES;
				CLANG_WARN_RANGE_LOOP_ANALYSIS = YES;
				CLANG_WARN_STRICT_PROTOTYPES = YES;
				CLANG_WARN_SUSPICIOUS_MOVE = YES;
				CLANG_WARN_UNGUARDED_AVAILABILITY = YES_AGGRESSIVE;
				CLANG_WARN_UNREACHABLE_CODE = YES;
				CLANG_WARN__DUPLICATE_METHOD_MATCH = YES;
				COPY_PHASE_STRIP = NO;
				DEBUG_INFORMATION_FORMAT = dwarf;
				ENABLE_STRICT_OBJC_MSGSEND = YES;
				ENABLE_TESTABILITY = YES;
				GCC_C_LANGUAGE_STANDARD = gnu11;
				GCC_DYNAMIC_NO_PIC = NO;
				GCC_NO_COMMON_BLOCKS = YES;
				GCC_OPTIMIZATION_LEVEL = 0;
				GCC_PREPROCESSOR_DEFINITIONS = (
					"DEBUG=1",
					"$(inherited)",
				);
				GCC_WARN_64_TO_32_BIT_CONVERSION = YES;
				GCC_WARN_ABOUT_RETURN_TYPE = YES_ERROR;
				GCC_WARN_UNDECLARED_SELECTOR = YES;
				GCC_WARN_UNINITIALIZED_AUTOS = YES_AGGRESSIVE;
				GCC_WARN_UNUSED_FUNCTION = YES;
				GCC_WARN_UNUSED_VARIABLE = YES;
				IPHONEOS_DEPLOYMENT_TARGET = 15.5;
				MTL_ENABLE_DEBUG_INFO = INCLUDE_SOURCE;
				MTL_FAST_MATH = YES;
				ONLY_ACTIVE_ARCH = YES;
				SDKROOT = iphoneos;
				SWIFT_ACTIVE_COMPILATION_CONDITIONS = DEBUG;
				SWIFT_OPTIMIZATION_LEVEL = "-Onone";
			};
			name = Debug;
		};
		4C15491628E5129C005690B0 /* Release */ = {
			isa = XCBuildConfiguration;
			buildSettings = {
				ALWAYS_SEARCH_USER_PATHS = NO;
				CLANG_ANALYZER_NONNULL = YES;
				CLANG_ANALYZER_NUMBER_OBJECT_CONVERSION = YES_AGGRESSIVE;
				CLANG_CXX_LANGUAGE_STANDARD = "gnu++17";
				CLANG_ENABLE_MODULES = YES;
				CLANG_ENABLE_OBJC_ARC = YES;
				CLANG_ENABLE_OBJC_WEAK = YES;
				CLANG_WARN_BLOCK_CAPTURE_AUTORELEASING = YES;
				CLANG_WARN_BOOL_CONVERSION = YES;
				CLANG_WARN_COMMA = YES;
				CLANG_WARN_CONSTANT_CONVERSION = YES;
				CLANG_WARN_DEPRECATED_OBJC_IMPLEMENTATIONS = YES;
				CLANG_WARN_DIRECT_OBJC_ISA_USAGE = YES_ERROR;
				CLANG_WARN_DOCUMENTATION_COMMENTS = YES;
				CLANG_WARN_EMPTY_BODY = YES;
				CLANG_WARN_ENUM_CONVERSION = YES;
				CLANG_WARN_INFINITE_RECURSION = YES;
				CLANG_WARN_INT_CONVERSION = YES;
				CLANG_WARN_NON_LITERAL_NULL_CONVERSION = YES;
				CLANG_WARN_OBJC_IMPLICIT_RETAIN_SELF = YES;
				CLANG_WARN_OBJC_LITERAL_CONVERSION = YES;
				CLANG_WARN_OBJC_ROOT_CLASS = YES_ERROR;
				CLANG_WARN_QUOTED_INCLUDE_IN_FRAMEWORK_HEADER = YES;
				CLANG_WARN_RANGE_LOOP_ANALYSIS = YES;
				CLANG_WARN_STRICT_PROTOTYPES = YES;
				CLANG_WARN_SUSPICIOUS_MOVE = YES;
				CLANG_WARN_UNGUARDED_AVAILABILITY = YES_AGGRESSIVE;
				CLANG_WARN_UNREACHABLE_CODE = YES;
				CLANG_WARN__DUPLICATE_METHOD_MATCH = YES;
				COPY_PHASE_STRIP = NO;
				DEBUG_INFORMATION_FORMAT = "dwarf-with-dsym";
				ENABLE_NS_ASSERTIONS = NO;
				ENABLE_STRICT_OBJC_MSGSEND = YES;
				GCC_C_LANGUAGE_STANDARD = gnu11;
				GCC_NO_COMMON_BLOCKS = YES;
				GCC_WARN_64_TO_32_BIT_CONVERSION = YES;
				GCC_WARN_ABOUT_RETURN_TYPE = YES_ERROR;
				GCC_WARN_UNDECLARED_SELECTOR = YES;
				GCC_WARN_UNINITIALIZED_AUTOS = YES_AGGRESSIVE;
				GCC_WARN_UNUSED_FUNCTION = YES;
				GCC_WARN_UNUSED_VARIABLE = YES;
				IPHONEOS_DEPLOYMENT_TARGET = 15.5;
				MTL_ENABLE_DEBUG_INFO = NO;
				MTL_FAST_MATH = YES;
				SDKROOT = iphoneos;
				SWIFT_COMPILATION_MODE = wholemodule;
				SWIFT_OPTIMIZATION_LEVEL = "-O";
				VALIDATE_PRODUCT = YES;
			};
			name = Release;
		};
		4C15491828E5129C005690B0 /* Debug */ = {
			isa = XCBuildConfiguration;
			buildSettings = {
				ASSETCATALOG_COMPILER_APPICON_NAME = AppIcon;
				ASSETCATALOG_COMPILER_GLOBAL_ACCENT_COLOR_NAME = AccentColor;
				CODE_SIGN_STYLE = Automatic;
				CURRENT_PROJECT_VERSION = 1;
				DEVELOPMENT_ASSET_PATHS = "\"TestMountainPage/Preview Content\"";
				DEVELOPMENT_TEAM = 8WYXDUFQAW;
				ENABLE_PREVIEWS = YES;
				GENERATE_INFOPLIST_FILE = YES;
				INFOPLIST_KEY_UIApplicationSceneManifest_Generation = YES;
				INFOPLIST_KEY_UIApplicationSupportsIndirectInputEvents = YES;
				INFOPLIST_KEY_UILaunchScreen_Generation = YES;
				INFOPLIST_KEY_UISupportedInterfaceOrientations = UIInterfaceOrientationPortrait;
				LD_RUNPATH_SEARCH_PATHS = (
					"$(inherited)",
					"@executable_path/Frameworks",
				);
				MARKETING_VERSION = 1.0;
				PRODUCT_BUNDLE_IDENTIFIER = com.MichaelMendel.TestMountainPage;
				PRODUCT_NAME = "$(TARGET_NAME)";
				SWIFT_EMIT_LOC_STRINGS = YES;
				SWIFT_VERSION = 5.0;
				TARGETED_DEVICE_FAMILY = "1,2";
			};
			name = Debug;
		};
		4C15491928E5129C005690B0 /* Release */ = {
			isa = XCBuildConfiguration;
			buildSettings = {
				ASSETCATALOG_COMPILER_APPICON_NAME = AppIcon;
				ASSETCATALOG_COMPILER_GLOBAL_ACCENT_COLOR_NAME = AccentColor;
				CODE_SIGN_STYLE = Automatic;
				CURRENT_PROJECT_VERSION = 1;
				DEVELOPMENT_ASSET_PATHS = "\"TestMountainPage/Preview Content\"";
				DEVELOPMENT_TEAM = 8WYXDUFQAW;
				ENABLE_PREVIEWS = YES;
				GENERATE_INFOPLIST_FILE = YES;
				INFOPLIST_KEY_UIApplicationSceneManifest_Generation = YES;
				INFOPLIST_KEY_UIApplicationSupportsIndirectInputEvents = YES;
				INFOPLIST_KEY_UILaunchScreen_Generation = YES;
				INFOPLIST_KEY_UISupportedInterfaceOrientations = UIInterfaceOrientationPortrait;
				LD_RUNPATH_SEARCH_PATHS = (
					"$(inherited)",
					"@executable_path/Frameworks",
				);
				MARKETING_VERSION = 1.0;
				PRODUCT_BUNDLE_IDENTIFIER = com.MichaelMendel.TestMountainPage;
				PRODUCT_NAME = "$(TARGET_NAME)";
				SWIFT_EMIT_LOC_STRINGS = YES;
				SWIFT_VERSION = 5.0;
				TARGETED_DEVICE_FAMILY = "1,2";
			};
			name = Release;
		};
/* End XCBuildConfiguration section */

/* Begin XCConfigurationList section */
		4C15490428E51295005690B0 /* Build configuration list for PBXProject "TestMountainPage" */ = {
			isa = XCConfigurationList;
			buildConfigurations = (
				4C15491528E5129C005690B0 /* Debug */,
				4C15491628E5129C005690B0 /* Release */,
			);
			defaultConfigurationIsVisible = 0;
			defaultConfigurationName = Release;
		};
		4C15491728E5129C005690B0 /* Build configuration list for PBXNativeTarget "TestMountainPage" */ = {
			isa = XCConfigurationList;
			buildConfigurations = (
				4C15491828E5129C005690B0 /* Debug */,
				4C15491928E5129C005690B0 /* Release */,
			);
			defaultConfigurationIsVisible = 0;
			defaultConfigurationName = Release;
		};
/* End XCConfigurationList section */
	};
	rootObject = 4C15490128E51295005690B0 /* Project object */;
}
